// !$*UTF8*$!
{
	archiveVersion = 1;
	classes = {
	};
	objectVersion = 50;
	objects = {

/* Begin PBXBuildFile section */
		CA26C9B42109ADCC0066682E /* StatusMenuController.swift in Sources */ = {isa = PBXBuildFile; fileRef = CA26C9B32109ADCB0066682E /* StatusMenuController.swift */; };
		CA26C9BD2109B3240066682E /* NSWindowExtensions.swift in Sources */ = {isa = PBXBuildFile; fileRef = CA26C9BC2109B3240066682E /* NSWindowExtensions.swift */; };
		CA26C9C02109B5B40066682E /* AboutWindow.swift in Sources */ = {isa = PBXBuildFile; fileRef = CA26C9BE2109B5B40066682E /* AboutWindow.swift */; };
		CA26C9C12109B5B40066682E /* AboutWindow.xib in Resources */ = {isa = PBXBuildFile; fileRef = CA26C9BF2109B5B40066682E /* AboutWindow.xib */; };
		CA26C9C32109BEB10066682E /* HyperTextField.swift in Sources */ = {isa = PBXBuildFile; fileRef = CA26C9C22109BEB10066682E /* HyperTextField.swift */; };
		CA727F5F2109F632008227A1 /* Theme.swift in Sources */ = {isa = PBXBuildFile; fileRef = CA727F5E2109F632008227A1 /* Theme.swift */; };
		CA727F612109F69C008227A1 /* NSColor+Hex.swift in Sources */ = {isa = PBXBuildFile; fileRef = CA727F602109F69C008227A1 /* NSColor+Hex.swift */; };
		CA727F66210AACC5008227A1 /* PreferenceWindow.swift in Sources */ = {isa = PBXBuildFile; fileRef = CA727F64210AACC5008227A1 /* PreferenceWindow.swift */; };
		CA727F67210AACC5008227A1 /* PreferenceWindow.xib in Resources */ = {isa = PBXBuildFile; fileRef = CA727F65210AACC5008227A1 /* PreferenceWindow.xib */; };
		CA8DADBE210AD9AF006E5C1F /* TweetViewController.swift in Sources */ = {isa = PBXBuildFile; fileRef = CA8DADBD210AD9AF006E5C1F /* TweetViewController.swift */; };
		CA9817E62109A74000B40107 /* AppDelegate.swift in Sources */ = {isa = PBXBuildFile; fileRef = CA9817E52109A74000B40107 /* AppDelegate.swift */; };
		CA9817EA2109A74200B40107 /* Assets.xcassets in Resources */ = {isa = PBXBuildFile; fileRef = CA9817E92109A74200B40107 /* Assets.xcassets */; };
		CA9817ED2109A74200B40107 /* Main.storyboard in Resources */ = {isa = PBXBuildFile; fileRef = CA9817EB2109A74200B40107 /* Main.storyboard */; };
		CA9817F92109A74200B40107 /* Twitter_ScanTests.swift in Sources */ = {isa = PBXBuildFile; fileRef = CA9817F82109A74200B40107 /* Twitter_ScanTests.swift */; };
		CA9818042109A74200B40107 /* Twitter_ScanUITests.swift in Sources */ = {isa = PBXBuildFile; fileRef = CA9818032109A74200B40107 /* Twitter_ScanUITests.swift */; };
/* End PBXBuildFile section */

/* Begin PBXContainerItemProxy section */
		CA9817F52109A74200B40107 /* PBXContainerItemProxy */ = {
			isa = PBXContainerItemProxy;
			containerPortal = CA9817DA2109A74000B40107 /* Project object */;
			proxyType = 1;
			remoteGlobalIDString = CA9817E12109A74000B40107;
			remoteInfo = "Twitter Scan";
		};
		CA9818002109A74200B40107 /* PBXContainerItemProxy */ = {
			isa = PBXContainerItemProxy;
			containerPortal = CA9817DA2109A74000B40107 /* Project object */;
			proxyType = 1;
			remoteGlobalIDString = CA9817E12109A74000B40107;
			remoteInfo = "Twitter Scan";
		};
/* End PBXContainerItemProxy section */

/* Begin PBXFileReference section */
		CA26C9B32109ADCB0066682E /* StatusMenuController.swift */ = {isa = PBXFileReference; lastKnownFileType = sourcecode.swift; path = StatusMenuController.swift; sourceTree = "<group>"; };
		CA26C9BC2109B3240066682E /* NSWindowExtensions.swift */ = {isa = PBXFileReference; lastKnownFileType = sourcecode.swift; path = NSWindowExtensions.swift; sourceTree = "<group>"; };
		CA26C9BE2109B5B40066682E /* AboutWindow.swift */ = {isa = PBXFileReference; lastKnownFileType = sourcecode.swift; path = AboutWindow.swift; sourceTree = "<group>"; };
		CA26C9BF2109B5B40066682E /* AboutWindow.xib */ = {isa = PBXFileReference; lastKnownFileType = file.xib; path = AboutWindow.xib; sourceTree = "<group>"; };
		CA26C9C22109BEB10066682E /* HyperTextField.swift */ = {isa = PBXFileReference; lastKnownFileType = sourcecode.swift; path = HyperTextField.swift; sourceTree = "<group>"; };
		CA727F5E2109F632008227A1 /* Theme.swift */ = {isa = PBXFileReference; lastKnownFileType = sourcecode.swift; path = Theme.swift; sourceTree = "<group>"; };
		CA727F602109F69C008227A1 /* NSColor+Hex.swift */ = {isa = PBXFileReference; lastKnownFileType = sourcecode.swift; path = "NSColor+Hex.swift"; sourceTree = "<group>"; };
		CA727F64210AACC5008227A1 /* PreferenceWindow.swift */ = {isa = PBXFileReference; lastKnownFileType = sourcecode.swift; path = PreferenceWindow.swift; sourceTree = "<group>"; };
		CA727F65210AACC5008227A1 /* PreferenceWindow.xib */ = {isa = PBXFileReference; lastKnownFileType = file.xib; path = PreferenceWindow.xib; sourceTree = "<group>"; };
		CA8DADBD210AD9AF006E5C1F /* TweetViewController.swift */ = {isa = PBXFileReference; lastKnownFileType = sourcecode.swift; path = TweetViewController.swift; sourceTree = "<group>"; };
		CA9817E22109A74000B40107 /* birdwatch.app */ = {isa = PBXFileReference; explicitFileType = wrapper.application; includeInIndex = 0; path = birdwatch.app; sourceTree = BUILT_PRODUCTS_DIR; };
		CA9817E52109A74000B40107 /* AppDelegate.swift */ = {isa = PBXFileReference; lastKnownFileType = sourcecode.swift; path = AppDelegate.swift; sourceTree = "<group>"; };
		CA9817E92109A74200B40107 /* Assets.xcassets */ = {isa = PBXFileReference; lastKnownFileType = folder.assetcatalog; path = Assets.xcassets; sourceTree = "<group>"; };
		CA9817EC2109A74200B40107 /* Base */ = {isa = PBXFileReference; lastKnownFileType = file.storyboard; name = Base; path = Base.lproj/Main.storyboard; sourceTree = "<group>"; };
		CA9817EE2109A74200B40107 /* Info.plist */ = {isa = PBXFileReference; lastKnownFileType = text.plist.xml; path = Info.plist; sourceTree = "<group>"; };
		CA9817F42109A74200B40107 /* birdwatchTests.xctest */ = {isa = PBXFileReference; explicitFileType = wrapper.cfbundle; includeInIndex = 0; path = birdwatchTests.xctest; sourceTree = BUILT_PRODUCTS_DIR; };
		CA9817F82109A74200B40107 /* Twitter_ScanTests.swift */ = {isa = PBXFileReference; lastKnownFileType = sourcecode.swift; path = Twitter_ScanTests.swift; sourceTree = "<group>"; };
		CA9817FA2109A74200B40107 /* Info.plist */ = {isa = PBXFileReference; lastKnownFileType = text.plist.xml; path = Info.plist; sourceTree = "<group>"; };
		CA9817FF2109A74200B40107 /* birdwatchUITests.xctest */ = {isa = PBXFileReference; explicitFileType = wrapper.cfbundle; includeInIndex = 0; path = birdwatchUITests.xctest; sourceTree = BUILT_PRODUCTS_DIR; };
		CA9818032109A74200B40107 /* Twitter_ScanUITests.swift */ = {isa = PBXFileReference; lastKnownFileType = sourcecode.swift; path = Twitter_ScanUITests.swift; sourceTree = "<group>"; };
		CA9818052109A74200B40107 /* Info.plist */ = {isa = PBXFileReference; lastKnownFileType = text.plist.xml; path = Info.plist; sourceTree = "<group>"; };
/* End PBXFileReference section */

/* Begin PBXFrameworksBuildPhase section */
		CA9817DF2109A74000B40107 /* Frameworks */ = {
			isa = PBXFrameworksBuildPhase;
			buildActionMask = 2147483647;
			files = (
			);
			runOnlyForDeploymentPostprocessing = 0;
		};
		CA9817F12109A74200B40107 /* Frameworks */ = {
			isa = PBXFrameworksBuildPhase;
			buildActionMask = 2147483647;
			files = (
			);
			runOnlyForDeploymentPostprocessing = 0;
		};
		CA9817FC2109A74200B40107 /* Frameworks */ = {
			isa = PBXFrameworksBuildPhase;
			buildActionMask = 2147483647;
			files = (
			);
			runOnlyForDeploymentPostprocessing = 0;
		};
/* End PBXFrameworksBuildPhase section */

/* Begin PBXGroup section */
		CA26C9B72109AF690066682E /* XIBs */ = {
			isa = PBXGroup;
			children = (
				CA9817EB2109A74200B40107 /* Main.storyboard */,
				CA727F65210AACC5008227A1 /* PreferenceWindow.xib */,
				CA26C9BF2109B5B40066682E /* AboutWindow.xib */,
			);
			path = XIBs;
			sourceTree = "<group>";
		};
		CA26C9C52109BEBB0066682E /* UI Elements */ = {
			isa = PBXGroup;
			children = (
				CA727F5E2109F632008227A1 /* Theme.swift */,
				CA727F602109F69C008227A1 /* NSColor+Hex.swift */,
				CA26C9C22109BEB10066682E /* HyperTextField.swift */,
			);
			path = "UI Elements";
			sourceTree = "<group>";
		};
		CA9817D92109A74000B40107 = {
			isa = PBXGroup;
			children = (
				CA9817E42109A74000B40107 /* birdwatch */,
				CA9817F72109A74200B40107 /* birdwatch Tests */,
				CA9818022109A74200B40107 /* birdwatch UI Tests */,
				CA9817E32109A74000B40107 /* Products */,
			);
			sourceTree = "<group>";
		};
		CA9817E32109A74000B40107 /* Products */ = {
			isa = PBXGroup;
			children = (
				CA9817E22109A74000B40107 /* birdwatch.app */,
				CA9817F42109A74200B40107 /* birdwatchTests.xctest */,
				CA9817FF2109A74200B40107 /* birdwatchUITests.xctest */,
			);
			name = Products;
			sourceTree = "<group>";
		};
		CA9817E42109A74000B40107 /* birdwatch */ = {
			isa = PBXGroup;
			children = (
				CA9817E52109A74000B40107 /* AppDelegate.swift */,
				CA26C9B32109ADCB0066682E /* StatusMenuController.swift */,
				CA26C9BC2109B3240066682E /* NSWindowExtensions.swift */,
				CA26C9BE2109B5B40066682E /* AboutWindow.swift */,
				CA727F64210AACC5008227A1 /* PreferenceWindow.swift */,
				CA8DADBD210AD9AF006E5C1F /* TweetViewController.swift */,
				CA26C9C52109BEBB0066682E /* UI Elements */,
				CA26C9B72109AF690066682E /* XIBs */,
				CA9817E92109A74200B40107 /* Assets.xcassets */,
				CA9817EE2109A74200B40107 /* Info.plist */,
			);
			path = birdwatch;
			sourceTree = "<group>";
		};
		CA9817F72109A74200B40107 /* birdwatch Tests */ = {
			isa = PBXGroup;
			children = (
				CA9817F82109A74200B40107 /* Twitter_ScanTests.swift */,
				CA9817FA2109A74200B40107 /* Info.plist */,
			);
			path = "birdwatch Tests";
			sourceTree = "<group>";
		};
		CA9818022109A74200B40107 /* birdwatch UI Tests */ = {
			isa = PBXGroup;
			children = (
				CA9818032109A74200B40107 /* Twitter_ScanUITests.swift */,
				CA9818052109A74200B40107 /* Info.plist */,
			);
			path = "birdwatch UI Tests";
			sourceTree = "<group>";
		};
/* End PBXGroup section */

/* Begin PBXNativeTarget section */
		CA9817E12109A74000B40107 /* birdwatch */ = {
			isa = PBXNativeTarget;
			buildConfigurationList = CA9818082109A74200B40107 /* Build configuration list for PBXNativeTarget "birdwatch" */;
			buildPhases = (
				CA9817DE2109A74000B40107 /* Sources */,
				CA9817DF2109A74000B40107 /* Frameworks */,
				CA9817E02109A74000B40107 /* Resources */,
			);
			buildRules = (
			);
			dependencies = (
			);
			name = birdwatch;
			productName = "Twitter Scan";
			productReference = CA9817E22109A74000B40107 /* birdwatch.app */;
			productType = "com.apple.product-type.application";
		};
		CA9817F32109A74200B40107 /* birdwatchTests */ = {
			isa = PBXNativeTarget;
			buildConfigurationList = CA98180B2109A74200B40107 /* Build configuration list for PBXNativeTarget "birdwatchTests" */;
			buildPhases = (
				CA9817F02109A74200B40107 /* Sources */,
				CA9817F12109A74200B40107 /* Frameworks */,
				CA9817F22109A74200B40107 /* Resources */,
			);
			buildRules = (
			);
			dependencies = (
				CA9817F62109A74200B40107 /* PBXTargetDependency */,
			);
			name = birdwatchTests;
			productName = "Twitter ScanTests";
			productReference = CA9817F42109A74200B40107 /* birdwatchTests.xctest */;
			productType = "com.apple.product-type.bundle.unit-test";
		};
		CA9817FE2109A74200B40107 /* birdwatchUITests */ = {
			isa = PBXNativeTarget;
			buildConfigurationList = CA98180E2109A74200B40107 /* Build configuration list for PBXNativeTarget "birdwatchUITests" */;
			buildPhases = (
				CA9817FB2109A74200B40107 /* Sources */,
				CA9817FC2109A74200B40107 /* Frameworks */,
				CA9817FD2109A74200B40107 /* Resources */,
			);
			buildRules = (
			);
			dependencies = (
				CA9818012109A74200B40107 /* PBXTargetDependency */,
			);
			name = birdwatchUITests;
			productName = "Twitter ScanUITests";
			productReference = CA9817FF2109A74200B40107 /* birdwatchUITests.xctest */;
			productType = "com.apple.product-type.bundle.ui-testing";
		};
/* End PBXNativeTarget section */

/* Begin PBXProject section */
		CA9817DA2109A74000B40107 /* Project object */ = {
			isa = PBXProject;
			attributes = {
				LastSwiftUpdateCheck = 1000;
				LastUpgradeCheck = 1000;
				ORGANIZATIONNAME = "Mike JS. Choi";
				TargetAttributes = {
					CA9817E12109A74000B40107 = {
						CreatedOnToolsVersion = 10.0;
					};
					CA9817F32109A74200B40107 = {
						CreatedOnToolsVersion = 10.0;
						TestTargetID = CA9817E12109A74000B40107;
					};
					CA9817FE2109A74200B40107 = {
						CreatedOnToolsVersion = 10.0;
						TestTargetID = CA9817E12109A74000B40107;
					};
				};
			};
			buildConfigurationList = CA9817DD2109A74000B40107 /* Build configuration list for PBXProject "birdwatch" */;
			compatibilityVersion = "Xcode 9.3";
			developmentRegion = en;
			hasScannedForEncodings = 0;
			knownRegions = (
				en,
				Base,
			);
			mainGroup = CA9817D92109A74000B40107;
			productRefGroup = CA9817E32109A74000B40107 /* Products */;
			projectDirPath = "";
			projectRoot = "";
			targets = (
				CA9817E12109A74000B40107 /* birdwatch */,
				CA9817F32109A74200B40107 /* birdwatchTests */,
				CA9817FE2109A74200B40107 /* birdwatchUITests */,
			);
		};
/* End PBXProject section */

/* Begin PBXResourcesBuildPhase section */
		CA9817E02109A74000B40107 /* Resources */ = {
			isa = PBXResourcesBuildPhase;
			buildActionMask = 2147483647;
			files = (
				CA727F67210AACC5008227A1 /* PreferenceWindow.xib in Resources */,
				CA9817EA2109A74200B40107 /* Assets.xcassets in Resources */,
				CA9817ED2109A74200B40107 /* Main.storyboard in Resources */,
				CA26C9C12109B5B40066682E /* AboutWindow.xib in Resources */,
			);
			runOnlyForDeploymentPostprocessing = 0;
		};
		CA9817F22109A74200B40107 /* Resources */ = {
			isa = PBXResourcesBuildPhase;
			buildActionMask = 2147483647;
			files = (
			);
			runOnlyForDeploymentPostprocessing = 0;
		};
		CA9817FD2109A74200B40107 /* Resources */ = {
			isa = PBXResourcesBuildPhase;
			buildActionMask = 2147483647;
			files = (
			);
			runOnlyForDeploymentPostprocessing = 0;
		};
/* End PBXResourcesBuildPhase section */

/* Begin PBXSourcesBuildPhase section */
		CA9817DE2109A74000B40107 /* Sources */ = {
			isa = PBXSourcesBuildPhase;
			buildActionMask = 2147483647;
			files = (
				CA727F66210AACC5008227A1 /* PreferenceWindow.swift in Sources */,
				CA727F612109F69C008227A1 /* NSColor+Hex.swift in Sources */,
				CA8DADBE210AD9AF006E5C1F /* TweetViewController.swift in Sources */,
				CA26C9BD2109B3240066682E /* NSWindowExtensions.swift in Sources */,
				CA26C9C32109BEB10066682E /* HyperTextField.swift in Sources */,
				CA26C9B42109ADCC0066682E /* StatusMenuController.swift in Sources */,
				CA727F5F2109F632008227A1 /* Theme.swift in Sources */,
				CA9817E62109A74000B40107 /* AppDelegate.swift in Sources */,
				CA26C9C02109B5B40066682E /* AboutWindow.swift in Sources */,
			);
			runOnlyForDeploymentPostprocessing = 0;
		};
		CA9817F02109A74200B40107 /* Sources */ = {
			isa = PBXSourcesBuildPhase;
			buildActionMask = 2147483647;
			files = (
				CA9817F92109A74200B40107 /* Twitter_ScanTests.swift in Sources */,
			);
			runOnlyForDeploymentPostprocessing = 0;
		};
		CA9817FB2109A74200B40107 /* Sources */ = {
			isa = PBXSourcesBuildPhase;
			buildActionMask = 2147483647;
			files = (
				CA9818042109A74200B40107 /* Twitter_ScanUITests.swift in Sources */,
			);
			runOnlyForDeploymentPostprocessing = 0;
		};
/* End PBXSourcesBuildPhase section */

/* Begin PBXTargetDependency section */
		CA9817F62109A74200B40107 /* PBXTargetDependency */ = {
			isa = PBXTargetDependency;
			target = CA9817E12109A74000B40107 /* birdwatch */;
			targetProxy = CA9817F52109A74200B40107 /* PBXContainerItemProxy */;
		};
		CA9818012109A74200B40107 /* PBXTargetDependency */ = {
			isa = PBXTargetDependency;
			target = CA9817E12109A74000B40107 /* birdwatch */;
			targetProxy = CA9818002109A74200B40107 /* PBXContainerItemProxy */;
		};
/* End PBXTargetDependency section */

/* Begin PBXVariantGroup section */
		CA9817EB2109A74200B40107 /* Main.storyboard */ = {
			isa = PBXVariantGroup;
			children = (
				CA9817EC2109A74200B40107 /* Base */,
			);
			name = Main.storyboard;
			sourceTree = "<group>";
		};
/* End PBXVariantGroup section */

/* Begin XCBuildConfiguration section */
		CA9818062109A74200B40107 /* Debug */ = {
			isa = XCBuildConfiguration;
			buildSettings = {
				ALWAYS_SEARCH_USER_PATHS = NO;
				CLANG_ANALYZER_NONNULL = YES;
				CLANG_ANALYZER_NUMBER_OBJECT_CONVERSION = YES_AGGRESSIVE;
				CLANG_CXX_LANGUAGE_STANDARD = "gnu++14";
				CLANG_CXX_LIBRARY = "libc++";
				CLANG_ENABLE_MODULES = YES;
				CLANG_ENABLE_OBJC_ARC = YES;
				CLANG_ENABLE_OBJC_WEAK = YES;
				CLANG_WARN_BLOCK_CAPTURE_AUTORELEASING = YES;
				CLANG_WARN_BOOL_CONVERSION = YES;
				CLANG_WARN_COMMA = YES;
				CLANG_WARN_CONSTANT_CONVERSION = YES;
				CLANG_WARN_DEPRECATED_OBJC_IMPLEMENTATIONS = YES;
				CLANG_WARN_DIRECT_OBJC_ISA_USAGE = YES_ERROR;
				CLANG_WARN_DOCUMENTATION_COMMENTS = YES;
				CLANG_WARN_EMPTY_BODY = YES;
				CLANG_WARN_ENUM_CONVERSION = YES;
				CLANG_WARN_INFINITE_RECURSION = YES;
				CLANG_WARN_INT_CONVERSION = YES;
				CLANG_WARN_NON_LITERAL_NULL_CONVERSION = YES;
				CLANG_WARN_OBJC_IMPLICIT_RETAIN_SELF = YES;
				CLANG_WARN_OBJC_LITERAL_CONVERSION = YES;
				CLANG_WARN_OBJC_ROOT_CLASS = YES_ERROR;
				CLANG_WARN_RANGE_LOOP_ANALYSIS = YES;
				CLANG_WARN_STRICT_PROTOTYPES = YES;
				CLANG_WARN_SUSPICIOUS_MOVE = YES;
				CLANG_WARN_UNGUARDED_AVAILABILITY = YES_AGGRESSIVE;
				CLANG_WARN_UNREACHABLE_CODE = YES;
				CLANG_WARN__DUPLICATE_METHOD_MATCH = YES;
				CODE_SIGN_IDENTITY = "Mac Developer";
				COPY_PHASE_STRIP = NO;
				DEBUG_INFORMATION_FORMAT = dwarf;
				ENABLE_STRICT_OBJC_MSGSEND = YES;
				ENABLE_TESTABILITY = YES;
				GCC_C_LANGUAGE_STANDARD = gnu11;
				GCC_DYNAMIC_NO_PIC = NO;
				GCC_NO_COMMON_BLOCKS = YES;
				GCC_OPTIMIZATION_LEVEL = 0;
				GCC_PREPROCESSOR_DEFINITIONS = (
					"DEBUG=1",
					"$(inherited)",
				);
				GCC_WARN_64_TO_32_BIT_CONVERSION = YES;
				GCC_WARN_ABOUT_RETURN_TYPE = YES_ERROR;
				GCC_WARN_UNDECLARED_SELECTOR = YES;
				GCC_WARN_UNINITIALIZED_AUTOS = YES_AGGRESSIVE;
				GCC_WARN_UNUSED_FUNCTION = YES;
				GCC_WARN_UNUSED_VARIABLE = YES;
				MACOSX_DEPLOYMENT_TARGET = 10.13;
				MTL_ENABLE_DEBUG_INFO = INCLUDE_SOURCE;
				MTL_FAST_MATH = YES;
				ONLY_ACTIVE_ARCH = YES;
				SDKROOT = macosx;
				SWIFT_ACTIVE_COMPILATION_CONDITIONS = DEBUG;
				SWIFT_OPTIMIZATION_LEVEL = "-Onone";
			};
			name = Debug;
		};
		CA9818072109A74200B40107 /* Release */ = {
			isa = XCBuildConfiguration;
			buildSettings = {
				ALWAYS_SEARCH_USER_PATHS = NO;
				CLANG_ANALYZER_NONNULL = YES;
				CLANG_ANALYZER_NUMBER_OBJECT_CONVERSION = YES_AGGRESSIVE;
				CLANG_CXX_LANGUAGE_STANDARD = "gnu++14";
				CLANG_CXX_LIBRARY = "libc++";
				CLANG_ENABLE_MODULES = YES;
				CLANG_ENABLE_OBJC_ARC = YES;
				CLANG_ENABLE_OBJC_WEAK = YES;
				CLANG_WARN_BLOCK_CAPTURE_AUTORELEASING = YES;
				CLANG_WARN_BOOL_CONVERSION = YES;
				CLANG_WARN_COMMA = YES;
				CLANG_WARN_CONSTANT_CONVERSION = YES;
				CLANG_WARN_DEPRECATED_OBJC_IMPLEMENTATIONS = YES;
				CLANG_WARN_DIRECT_OBJC_ISA_USAGE = YES_ERROR;
				CLANG_WARN_DOCUMENTATION_COMMENTS = YES;
				CLANG_WARN_EMPTY_BODY = YES;
				CLANG_WARN_ENUM_CONVERSION = YES;
				CLANG_WARN_INFINITE_RECURSION = YES;
				CLANG_WARN_INT_CONVERSION = YES;
				CLANG_WARN_NON_LITERAL_NULL_CONVERSION = YES;
				CLANG_WARN_OBJC_IMPLICIT_RETAIN_SELF = YES;
				CLANG_WARN_OBJC_LITERAL_CONVERSION = YES;
				CLANG_WARN_OBJC_ROOT_CLASS = YES_ERROR;
				CLANG_WARN_RANGE_LOOP_ANALYSIS = YES;
				CLANG_WARN_STRICT_PROTOTYPES = YES;
				CLANG_WARN_SUSPICIOUS_MOVE = YES;
				CLANG_WARN_UNGUARDED_AVAILABILITY = YES_AGGRESSIVE;
				CLANG_WARN_UNREACHABLE_CODE = YES;
				CLANG_WARN__DUPLICATE_METHOD_MATCH = YES;
				CODE_SIGN_IDENTITY = "Mac Developer";
				COPY_PHASE_STRIP = NO;
				DEBUG_INFORMATION_FORMAT = "dwarf-with-dsym";
				ENABLE_NS_ASSERTIONS = NO;
				ENABLE_STRICT_OBJC_MSGSEND = YES;
				GCC_C_LANGUAGE_STANDARD = gnu11;
				GCC_NO_COMMON_BLOCKS = YES;
				GCC_WARN_64_TO_32_BIT_CONVERSION = YES;
				GCC_WARN_ABOUT_RETURN_TYPE = YES_ERROR;
				GCC_WARN_UNDECLARED_SELECTOR = YES;
				GCC_WARN_UNINITIALIZED_AUTOS = YES_AGGRESSIVE;
				GCC_WARN_UNUSED_FUNCTION = YES;
				GCC_WARN_UNUSED_VARIABLE = YES;
				MACOSX_DEPLOYMENT_TARGET = 10.13;
				MTL_ENABLE_DEBUG_INFO = NO;
				MTL_FAST_MATH = YES;
				SDKROOT = macosx;
				SWIFT_COMPILATION_MODE = wholemodule;
				SWIFT_OPTIMIZATION_LEVEL = "-O";
			};
			name = Release;
		};
		CA9818092109A74200B40107 /* Debug */ = {
			isa = XCBuildConfiguration;
			buildSettings = {
				ASSETCATALOG_COMPILER_APPICON_NAME = AppIcon;
				CODE_SIGN_ENTITLEMENTS = birdwatch/birdwatch.entitlements;
				CODE_SIGN_STYLE = Automatic;
				COMBINE_HIDPI_IMAGES = YES;
				DEVELOPMENT_TEAM = 7J57M62A98;
				INFOPLIST_FILE = birdwatch/Info.plist;
				LD_RUNPATH_SEARCH_PATHS = (
					"$(inherited)",
					"@executable_path/../Frameworks",
				);
				PRODUCT_BUNDLE_IDENTIFIER = com.mjc.birdwatch;
				PRODUCT_NAME = "$(TARGET_NAME)";
				SWIFT_VERSION = 4.2;
			};
			name = Debug;
		};
		CA98180A2109A74200B40107 /* Release */ = {
			isa = XCBuildConfiguration;
			buildSettings = {
				ASSETCATALOG_COMPILER_APPICON_NAME = AppIcon;
				CODE_SIGN_ENTITLEMENTS = birdwatch/birdwatch.entitlements;
				CODE_SIGN_STYLE = Automatic;
				COMBINE_HIDPI_IMAGES = YES;
				DEVELOPMENT_TEAM = 7J57M62A98;
				INFOPLIST_FILE = birdwatch/Info.plist;
				LD_RUNPATH_SEARCH_PATHS = (
					"$(inherited)",
					"@executable_path/../Frameworks",
				);
				PRODUCT_BUNDLE_IDENTIFIER = com.mjc.birdwatch;
				PRODUCT_NAME = "$(TARGET_NAME)";
				SWIFT_VERSION = 4.2;
			};
			name = Release;
		};
		CA98180C2109A74200B40107 /* Debug */ = {
			isa = XCBuildConfiguration;
			buildSettings = {
				ALWAYS_EMBED_SWIFT_STANDARD_LIBRARIES = YES;
				BUNDLE_LOADER = "$(TEST_HOST)";
				CODE_SIGN_STYLE = Automatic;
				COMBINE_HIDPI_IMAGES = YES;
				DEVELOPMENT_TEAM = 7J57M62A98;
				INFOPLIST_FILE = "Twitter ScanTests/Info.plist";
				LD_RUNPATH_SEARCH_PATHS = (
					"$(inherited)",
					"@executable_path/../Frameworks",
					"@loader_path/../Frameworks",
				);
				PRODUCT_BUNDLE_IDENTIFIER = "com.mjc.Twitter-ScanTests";
				PRODUCT_NAME = "$(TARGET_NAME)";
				SWIFT_VERSION = 4.2;
				TEST_HOST = "$(BUILT_PRODUCTS_DIR)/birdwatch.app/Contents/MacOS/birdwatch";
			};
			name = Debug;
		};
		CA98180D2109A74200B40107 /* Release */ = {
			isa = XCBuildConfiguration;
			buildSettings = {
				ALWAYS_EMBED_SWIFT_STANDARD_LIBRARIES = YES;
				BUNDLE_LOADER = "$(TEST_HOST)";
				CODE_SIGN_STYLE = Automatic;
				COMBINE_HIDPI_IMAGES = YES;
				DEVELOPMENT_TEAM = 7J57M62A98;
				INFOPLIST_FILE = "Twitter ScanTests/Info.plist";
				LD_RUNPATH_SEARCH_PATHS = (
					"$(inherited)",
					"@executable_path/../Frameworks",
					"@loader_path/../Frameworks",
				);
				PRODUCT_BUNDLE_IDENTIFIER = "com.mjc.Twitter-ScanTests";
				PRODUCT_NAME = "$(TARGET_NAME)";
				SWIFT_VERSION = 4.2;
				TEST_HOST = "$(BUILT_PRODUCTS_DIR)/birdwatch.app/Contents/MacOS/birdwatch";
			};
			name = Release;
		};
		CA98180F2109A74200B40107 /* Debug */ = {
			isa = XCBuildConfiguration;
			buildSettings = {
				ALWAYS_EMBED_SWIFT_STANDARD_LIBRARIES = YES;
				CODE_SIGN_STYLE = Automatic;
				COMBINE_HIDPI_IMAGES = YES;
				DEVELOPMENT_TEAM = 7J57M62A98;
				INFOPLIST_FILE = "Twitter ScanUITests/Info.plist";
				LD_RUNPATH_SEARCH_PATHS = (
					"$(inherited)",
					"@executable_path/../Frameworks",
					"@loader_path/../Frameworks",
				);
				PRODUCT_BUNDLE_IDENTIFIER = "com.mjc.Twitter-ScanUITests";
				PRODUCT_NAME = "$(TARGET_NAME)";
				SWIFT_VERSION = 4.2;
				TEST_TARGET_NAME = "Twitter Scan";
			};
			name = Debug;
		};
		CA9818102109A74200B40107 /* Release */ = {
			isa = XCBuildConfiguration;
			buildSettings = {
				ALWAYS_EMBED_SWIFT_STANDARD_LIBRARIES = YES;
				CODE_SIGN_STYLE = Automatic;
				COMBINE_HIDPI_IMAGES = YES;
				DEVELOPMENT_TEAM = 7J57M62A98;
				INFOPLIST_FILE = "Twitter ScanUITests/Info.plist";
				LD_RUNPATH_SEARCH_PATHS = (
					"$(inherited)",
					"@executable_path/../Frameworks",
					"@loader_path/../Frameworks",
				);
				PRODUCT_BUNDLE_IDENTIFIER = "com.mjc.Twitter-ScanUITests";
				PRODUCT_NAME = "$(TARGET_NAME)";
				SWIFT_VERSION = 4.2;
				TEST_TARGET_NAME = "Twitter Scan";
			};
			name = Release;
		};
/* End XCBuildConfiguration section */

/* Begin XCConfigurationList section */
		CA9817DD2109A74000B40107 /* Build configuration list for PBXProject "birdwatch" */ = {
			isa = XCConfigurationList;
			buildConfigurations = (
				CA9818062109A74200B40107 /* Debug */,
				CA9818072109A74200B40107 /* Release */,
			);
			defaultConfigurationIsVisible = 0;
			defaultConfigurationName = Release;
		};
		CA9818082109A74200B40107 /* Build configuration list for PBXNativeTarget "birdwatch" */ = {
			isa = XCConfigurationList;
			buildConfigurations = (
				CA9818092109A74200B40107 /* Debug */,
				CA98180A2109A74200B40107 /* Release */,
			);
			defaultConfigurationIsVisible = 0;
			defaultConfigurationName = Release;
		};
		CA98180B2109A74200B40107 /* Build configuration list for PBXNativeTarget "birdwatchTests" */ = {
			isa = XCConfigurationList;
			buildConfigurations = (
				CA98180C2109A74200B40107 /* Debug */,
				CA98180D2109A74200B40107 /* Release */,
			);
			defaultConfigurationIsVisible = 0;
			defaultConfigurationName = Release;
		};
		CA98180E2109A74200B40107 /* Build configuration list for PBXNativeTarget "birdwatchUITests" */ = {
			isa = XCConfigurationList;
			buildConfigurations = (
				CA98180F2109A74200B40107 /* Debug */,
				CA9818102109A74200B40107 /* Release */,
			);
			defaultConfigurationIsVisible = 0;
			defaultConfigurationName = Release;
		};
/* End XCConfigurationList section */
	};
	rootObject = CA9817DA2109A74000B40107 /* Project object */;
}
